// !$*UTF8*$!
{
	archiveVersion = 1;
	classes = {
	};
	objectVersion = 51;
	objects = {

/* Begin PBXBuildFile section */
		D3EBB4D3223CBE8A1F91EDD5 /* Pods_FreeChat.framework in Frameworks */ = {isa = PBXBuildFile; fileRef = CFC96D3789F2CE659F82E167 /* Pods_FreeChat.framework */; };
		D6563CC8250DE0C400F89946 /* InputContainerView.swift in Sources */ = {isa = PBXBuildFile; fileRef = D6563CC7250DE0C400F89946 /* InputContainerView.swift */; };
		D6563CCA250DE3E900F89946 /* CustomTextField.swift in Sources */ = {isa = PBXBuildFile; fileRef = D6563CC9250DE3E900F89946 /* CustomTextField.swift */; };
		D656FD8A2510B7D4009C1383 /* AuthService.swift in Sources */ = {isa = PBXBuildFile; fileRef = D656FD892510B7D4009C1383 /* AuthService.swift */; };
		D6589B462511B7A500E2CD4A /* NewMessageController.swift in Sources */ = {isa = PBXBuildFile; fileRef = D6589B452511B7A500E2CD4A /* NewMessageController.swift */; };
		D6589B492511BC9E00E2CD4A /* UserCell.swift in Sources */ = {isa = PBXBuildFile; fileRef = D6589B482511BC9E00E2CD4A /* UserCell.swift */; };
		D6589B4B2511C16800E2CD4A /* User.swift in Sources */ = {isa = PBXBuildFile; fileRef = D6589B4A2511C16800E2CD4A /* User.swift */; };
		D6589B4D2511C1B000E2CD4A /* Service.swift in Sources */ = {isa = PBXBuildFile; fileRef = D6589B4C2511C1B000E2CD4A /* Service.swift */; };
		D658A5AE250E5DC000ECF341 /* LoginViewModel.swift in Sources */ = {isa = PBXBuildFile; fileRef = D658A5AD250E5DC000ECF341 /* LoginViewModel.swift */; };
		D65ACE64250F4E3400A56393 /* RegistrationViewModel.swift in Sources */ = {isa = PBXBuildFile; fileRef = D65ACE63250F4E3400A56393 /* RegistrationViewModel.swift */; };
		D65ACE66250F563600A56393 /* GoogleService-Info.plist in Resources */ = {isa = PBXBuildFile; fileRef = D65ACE65250F563600A56393 /* GoogleService-Info.plist */; };
		D6DDA723250128400079B88D /* LoginController.swift in Sources */ = {isa = PBXBuildFile; fileRef = D6DDA722250128400079B88D /* LoginController.swift */; };
		D6DDA725250128610079B88D /* RegistrationController.swift in Sources */ = {isa = PBXBuildFile; fileRef = D6DDA724250128610079B88D /* RegistrationController.swift */; };
		D6DDA72725012CC20079B88D /* Extensions.swift in Sources */ = {isa = PBXBuildFile; fileRef = D6DDA72625012CC20079B88D /* Extensions.swift */; };
		D6E66C0024FF732400553157 /* AppDelegate.swift in Sources */ = {isa = PBXBuildFile; fileRef = D6E66BFF24FF732400553157 /* AppDelegate.swift */; };
		D6E66C0224FF732400553157 /* SceneDelegate.swift in Sources */ = {isa = PBXBuildFile; fileRef = D6E66C0124FF732400553157 /* SceneDelegate.swift */; };
		D6E66C0424FF732400553157 /* ViewController.swift in Sources */ = {isa = PBXBuildFile; fileRef = D6E66C0324FF732400553157 /* ViewController.swift */; };
		D6E66C0724FF732400553157 /* Main.storyboard in Resources */ = {isa = PBXBuildFile; fileRef = D6E66C0524FF732400553157 /* Main.storyboard */; };
		D6E66C0924FF732500553157 /* Assets.xcassets in Resources */ = {isa = PBXBuildFile; fileRef = D6E66C0824FF732500553157 /* Assets.xcassets */; };
		D6E66C0C24FF732500553157 /* LaunchScreen.storyboard in Resources */ = {isa = PBXBuildFile; fileRef = D6E66C0A24FF732500553157 /* LaunchScreen.storyboard */; };
		D6E66C1B24FF7D6000553157 /* ConversationsController.swift in Sources */ = {isa = PBXBuildFile; fileRef = D6E66C1A24FF7D6000553157 /* ConversationsController.swift */; };
/* End PBXBuildFile section */

/* Begin PBXFileReference section */
		7430760CDFEAD6AE6C2A6A7A /* Pods-FreeChat.debug.xcconfig */ = {isa = PBXFileReference; includeInIndex = 1; lastKnownFileType = text.xcconfig; name = "Pods-FreeChat.debug.xcconfig"; path = "Target Support Files/Pods-FreeChat/Pods-FreeChat.debug.xcconfig"; sourceTree = "<group>"; };
		C52B331FBAC476AC51159C18 /* Pods-FreeChat.release.xcconfig */ = {isa = PBXFileReference; includeInIndex = 1; lastKnownFileType = text.xcconfig; name = "Pods-FreeChat.release.xcconfig"; path = "Target Support Files/Pods-FreeChat/Pods-FreeChat.release.xcconfig"; sourceTree = "<group>"; };
		CFC96D3789F2CE659F82E167 /* Pods_FreeChat.framework */ = {isa = PBXFileReference; explicitFileType = wrapper.framework; includeInIndex = 0; path = Pods_FreeChat.framework; sourceTree = BUILT_PRODUCTS_DIR; };
		D6563CC7250DE0C400F89946 /* InputContainerView.swift */ = {isa = PBXFileReference; lastKnownFileType = sourcecode.swift; name = InputContainerView.swift; path = FreeChat/InputContainerView.swift; sourceTree = SOURCE_ROOT; };
		D6563CC9250DE3E900F89946 /* CustomTextField.swift */ = {isa = PBXFileReference; lastKnownFileType = sourcecode.swift; name = CustomTextField.swift; path = FreeChat/CustomTextField.swift; sourceTree = SOURCE_ROOT; };
		D656FD892510B7D4009C1383 /* AuthService.swift */ = {isa = PBXFileReference; lastKnownFileType = sourcecode.swift; name = AuthService.swift; path = FreeChat/AuthService.swift; sourceTree = SOURCE_ROOT; };
		D6589B452511B7A500E2CD4A /* NewMessageController.swift */ = {isa = PBXFileReference; lastKnownFileType = sourcecode.swift; path = NewMessageController.swift; sourceTree = "<group>"; };
		D6589B482511BC9E00E2CD4A /* UserCell.swift */ = {isa = PBXFileReference; lastKnownFileType = sourcecode.swift; name = UserCell.swift; path = FreeChat/Controller/UserCell.swift; sourceTree = SOURCE_ROOT; };
		D6589B4A2511C16800E2CD4A /* User.swift */ = {isa = PBXFileReference; lastKnownFileType = sourcecode.swift; name = User.swift; path = FreeChat/Controller/User.swift; sourceTree = SOURCE_ROOT; };
		D6589B4C2511C1B000E2CD4A /* Service.swift */ = {isa = PBXFileReference; lastKnownFileType = sourcecode.swift; name = Service.swift; path = FreeChat/Controller/Service.swift; sourceTree = SOURCE_ROOT; };
		D658A5AD250E5DC000ECF341 /* LoginViewModel.swift */ = {isa = PBXFileReference; lastKnownFileType = sourcecode.swift; name = LoginViewModel.swift; path = FreeChat/ViewModel/Authentication/LoginViewModel.swift; sourceTree = SOURCE_ROOT; };
		D65ACE63250F4E3400A56393 /* RegistrationViewModel.swift */ = {isa = PBXFileReference; lastKnownFileType = sourcecode.swift; path = RegistrationViewModel.swift; sourceTree = "<group>"; };
		D65ACE65250F563600A56393 /* GoogleService-Info.plist */ = {isa = PBXFileReference; lastKnownFileType = text.plist; path = "GoogleService-Info.plist"; sourceTree = SOURCE_ROOT; };
		D6DDA722250128400079B88D /* LoginController.swift */ = {isa = PBXFileReference; lastKnownFileType = sourcecode.swift; path = LoginController.swift; sourceTree = "<group>"; };
		D6DDA724250128610079B88D /* RegistrationController.swift */ = {isa = PBXFileReference; lastKnownFileType = sourcecode.swift; path = RegistrationController.swift; sourceTree = "<group>"; };
		D6DDA72625012CC20079B88D /* Extensions.swift */ = {isa = PBXFileReference; lastKnownFileType = sourcecode.swift; path = Extensions.swift; sourceTree = "<group>"; };
		D6E66BFC24FF732400553157 /* FreeChat.app */ = {isa = PBXFileReference; explicitFileType = wrapper.application; includeInIndex = 0; path = FreeChat.app; sourceTree = BUILT_PRODUCTS_DIR; };
		D6E66BFF24FF732400553157 /* AppDelegate.swift */ = {isa = PBXFileReference; lastKnownFileType = sourcecode.swift; path = AppDelegate.swift; sourceTree = "<group>"; };
		D6E66C0124FF732400553157 /* SceneDelegate.swift */ = {isa = PBXFileReference; lastKnownFileType = sourcecode.swift; path = SceneDelegate.swift; sourceTree = "<group>"; };
		D6E66C0324FF732400553157 /* ViewController.swift */ = {isa = PBXFileReference; lastKnownFileType = sourcecode.swift; path = ViewController.swift; sourceTree = "<group>"; };
		D6E66C0624FF732400553157 /* Base */ = {isa = PBXFileReference; lastKnownFileType = file.storyboard; name = Base; path = Base.lproj/Main.storyboard; sourceTree = "<group>"; };
		D6E66C0824FF732500553157 /* Assets.xcassets */ = {isa = PBXFileReference; lastKnownFileType = folder.assetcatalog; path = Assets.xcassets; sourceTree = "<group>"; };
		D6E66C0B24FF732500553157 /* Base */ = {isa = PBXFileReference; lastKnownFileType = file.storyboard; name = Base; path = Base.lproj/LaunchScreen.storyboard; sourceTree = "<group>"; };
		D6E66C0D24FF732500553157 /* Info.plist */ = {isa = PBXFileReference; lastKnownFileType = text.plist.xml; path = Info.plist; sourceTree = "<group>"; };
		D6E66C1A24FF7D6000553157 /* ConversationsController.swift */ = {isa = PBXFileReference; lastKnownFileType = sourcecode.swift; path = ConversationsController.swift; sourceTree = "<group>"; };
/* End PBXFileReference section */

/* Begin PBXFrameworksBuildPhase section */
		D6E66BF924FF732400553157 /* Frameworks */ = {
			isa = PBXFrameworksBuildPhase;
			buildActionMask = 2147483647;
			files = (
				D3EBB4D3223CBE8A1F91EDD5 /* Pods_FreeChat.framework in Frameworks */,
			);
			runOnlyForDeploymentPostprocessing = 0;
		};
/* End PBXFrameworksBuildPhase section */

/* Begin PBXGroup section */
		57B966C01F0DC92CF072A8DB /* Pods */ = {
			isa = PBXGroup;
			children = (
				7430760CDFEAD6AE6C2A6A7A /* Pods-FreeChat.debug.xcconfig */,
				C52B331FBAC476AC51159C18 /* Pods-FreeChat.release.xcconfig */,
			);
			path = Pods;
			sourceTree = "<group>";
		};
		874FA7F03CEEFC06D6103AAE /* Frameworks */ = {
			isa = PBXGroup;
			children = (
				CFC96D3789F2CE659F82E167 /* Pods_FreeChat.framework */,
			);
			name = Frameworks;
			sourceTree = "<group>";
		};
		D65ACE61250F4E0100A56393 /* Authentication */ = {
			isa = PBXGroup;
			children = (
				D658A5AD250E5DC000ECF341 /* LoginViewModel.swift */,
				D65ACE63250F4E3400A56393 /* RegistrationViewModel.swift */,
			);
			path = Authentication;
			sourceTree = "<group>";
		};
		D68BAAEA24FF882D001D8F5D /* Authentication */ = {
			isa = PBXGroup;
			children = (
				D6DDA722250128400079B88D /* LoginController.swift */,
				D6DDA724250128610079B88D /* RegistrationController.swift */,
			);
			path = Authentication;
			sourceTree = "<group>";
		};
		D6E66BF324FF732400553157 = {
			isa = PBXGroup;
			children = (
				D6E66BFE24FF732400553157 /* FreeChat */,
				D6E66BFD24FF732400553157 /* Products */,
				57B966C01F0DC92CF072A8DB /* Pods */,
				874FA7F03CEEFC06D6103AAE /* Frameworks */,
			);
			sourceTree = "<group>";
		};
		D6E66BFD24FF732400553157 /* Products */ = {
			isa = PBXGroup;
			children = (
				D6E66BFC24FF732400553157 /* FreeChat.app */,
			);
			name = Products;
			sourceTree = "<group>";
		};
		D6E66BFE24FF732400553157 /* FreeChat */ = {
			isa = PBXGroup;
			children = (
				D6E66C1924FF735B00553157 /* Model */,
				D6E66C1824FF735900553157 /* View */,
				D6E66C1724FF735600553157 /* ViewModel */,
				D6E66C1524FF734E00553157 /* Controller */,
				D6E66C1424FF734000553157 /* API */,
				D6E66C1324FF733D00553157 /* Utils */,
				D6E66BFF24FF732400553157 /* AppDelegate.swift */,
				D6E66C0124FF732400553157 /* SceneDelegate.swift */,
				D6E66C0324FF732400553157 /* ViewController.swift */,
				D6E66C0524FF732400553157 /* Main.storyboard */,
				D6E66C0824FF732500553157 /* Assets.xcassets */,
				D6E66C0A24FF732500553157 /* LaunchScreen.storyboard */,
				D65ACE65250F563600A56393 /* GoogleService-Info.plist */,
				D6E66C0D24FF732500553157 /* Info.plist */,
			);
			path = FreeChat;
			sourceTree = "<group>";
		};
		D6E66C1324FF733D00553157 /* Utils */ = {
			isa = PBXGroup;
			children = (
				D6DDA72625012CC20079B88D /* Extensions.swift */,
			);
			path = Utils;
			sourceTree = "<group>";
		};
		D6E66C1424FF734000553157 /* API */ = {
			isa = PBXGroup;
			children = (
				D656FD892510B7D4009C1383 /* AuthService.swift */,
				D6589B4C2511C1B000E2CD4A /* Service.swift */,
			);
			path = API;
			sourceTree = "<group>";
		};
		D6E66C1524FF734E00553157 /* Controller */ = {
			isa = PBXGroup;
			children = (
				D68BAAEA24FF882D001D8F5D /* Authentication */,
				D6E66C1A24FF7D6000553157 /* ConversationsController.swift */,
				D6589B452511B7A500E2CD4A /* NewMessageController.swift */,
			);
			path = Controller;
			sourceTree = "<group>";
		};
		D6E66C1724FF735600553157 /* ViewModel */ = {
			isa = PBXGroup;
			children = (
				D65ACE61250F4E0100A56393 /* Authentication */,
			);
			path = ViewModel;
			sourceTree = "<group>";
		};
		D6E66C1824FF735900553157 /* View */ = {
			isa = PBXGroup;
			children = (
				D6563CC7250DE0C400F89946 /* InputContainerView.swift */,
				D6563CC9250DE3E900F89946 /* CustomTextField.swift */,
				D6589B482511BC9E00E2CD4A /* UserCell.swift */,
			);
			path = View;
			sourceTree = "<group>";
		};
		D6E66C1924FF735B00553157 /* Model */ = {
			isa = PBXGroup;
			children = (
				D6589B4A2511C16800E2CD4A /* User.swift */,
			);
			path = Model;
			sourceTree = "<group>";
		};
/* End PBXGroup section */

/* Begin PBXNativeTarget section */
		D6E66BFB24FF732400553157 /* FreeChat */ = {
			isa = PBXNativeTarget;
			buildConfigurationList = D6E66C1024FF732500553157 /* Build configuration list for PBXNativeTarget "FreeChat" */;
			buildPhases = (
				76D1168CD646BE06C0C945D5 /* [CP] Check Pods Manifest.lock */,
				D6E66BF824FF732400553157 /* Sources */,
				D6E66BF924FF732400553157 /* Frameworks */,
				D6E66BFA24FF732400553157 /* Resources */,
				A4EB415554DD1DAF7D46EBD9 /* [CP] Embed Pods Frameworks */,
			);
			buildRules = (
			);
			dependencies = (
			);
			name = FreeChat;
			productName = FreeChat;
			productReference = D6E66BFC24FF732400553157 /* FreeChat.app */;
			productType = "com.apple.product-type.application";
		};
/* End PBXNativeTarget section */

/* Begin PBXProject section */
		D6E66BF424FF732400553157 /* Project object */ = {
			isa = PBXProject;
			attributes = {
				LastSwiftUpdateCheck = 1160;
				LastUpgradeCheck = 1160;
				ORGANIZATIONNAME = "Ngo Dang Tan";
				TargetAttributes = {
					D6E66BFB24FF732400553157 = {
						CreatedOnToolsVersion = 11.6;
					};
				};
			};
			buildConfigurationList = D6E66BF724FF732400553157 /* Build configuration list for PBXProject "FreeChat" */;
			compatibilityVersion = "Xcode 9.3";
			developmentRegion = en;
			hasScannedForEncodings = 0;
			knownRegions = (
				en,
				Base,
			);
			mainGroup = D6E66BF324FF732400553157;
			productRefGroup = D6E66BFD24FF732400553157 /* Products */;
			projectDirPath = "";
			projectRoot = "";
			targets = (
				D6E66BFB24FF732400553157 /* FreeChat */,
			);
		};
/* End PBXProject section */

/* Begin PBXResourcesBuildPhase section */
		D6E66BFA24FF732400553157 /* Resources */ = {
			isa = PBXResourcesBuildPhase;
			buildActionMask = 2147483647;
			files = (
				D6E66C0C24FF732500553157 /* LaunchScreen.storyboard in Resources */,
				D65ACE66250F563600A56393 /* GoogleService-Info.plist in Resources */,
				D6E66C0924FF732500553157 /* Assets.xcassets in Resources */,
				D6E66C0724FF732400553157 /* Main.storyboard in Resources */,
			);
			runOnlyForDeploymentPostprocessing = 0;
		};
/* End PBXResourcesBuildPhase section */

/* Begin PBXShellScriptBuildPhase section */
		76D1168CD646BE06C0C945D5 /* [CP] Check Pods Manifest.lock */ = {
			isa = PBXShellScriptBuildPhase;
			buildActionMask = 2147483647;
			files = (
			);
			inputFileListPaths = (
			);
			inputPaths = (
				"${PODS_PODFILE_DIR_PATH}/Podfile.lock",
				"${PODS_ROOT}/Manifest.lock",
			);
			name = "[CP] Check Pods Manifest.lock";
			outputFileListPaths = (
			);
			outputPaths = (
				"$(DERIVED_FILE_DIR)/Pods-FreeChat-checkManifestLockResult.txt",
			);
			runOnlyForDeploymentPostprocessing = 0;
			shellPath = /bin/sh;
			shellScript = "diff \"${PODS_PODFILE_DIR_PATH}/Podfile.lock\" \"${PODS_ROOT}/Manifest.lock\" > /dev/null\nif [ $? != 0 ] ; then\n    # print error to STDERR\n    echo \"error: The sandbox is not in sync with the Podfile.lock. Run 'pod install' or update your CocoaPods installation.\" >&2\n    exit 1\nfi\n# This output is used by Xcode 'outputs' to avoid re-running this script phase.\necho \"SUCCESS\" > \"${SCRIPT_OUTPUT_FILE_0}\"\n";
			showEnvVarsInLog = 0;
		};
		A4EB415554DD1DAF7D46EBD9 /* [CP] Embed Pods Frameworks */ = {
			isa = PBXShellScriptBuildPhase;
			buildActionMask = 2147483647;
			files = (
			);
			inputFileListPaths = (
				"${PODS_ROOT}/Target Support Files/Pods-FreeChat/Pods-FreeChat-frameworks-${CONFIGURATION}-input-files.xcfilelist",
			);
			name = "[CP] Embed Pods Frameworks";
			outputFileListPaths = (
				"${PODS_ROOT}/Target Support Files/Pods-FreeChat/Pods-FreeChat-frameworks-${CONFIGURATION}-output-files.xcfilelist",
			);
			runOnlyForDeploymentPostprocessing = 0;
			shellPath = /bin/sh;
			shellScript = "\"${PODS_ROOT}/Target Support Files/Pods-FreeChat/Pods-FreeChat-frameworks.sh\"\n";
			showEnvVarsInLog = 0;
		};
/* End PBXShellScriptBuildPhase section */

/* Begin PBXSourcesBuildPhase section */
		D6E66BF824FF732400553157 /* Sources */ = {
			isa = PBXSourcesBuildPhase;
			buildActionMask = 2147483647;
			files = (
				D6E66C0424FF732400553157 /* ViewController.swift in Sources */,
				D65ACE64250F4E3400A56393 /* RegistrationViewModel.swift in Sources */,
				D6E66C0024FF732400553157 /* AppDelegate.swift in Sources */,
				D656FD8A2510B7D4009C1383 /* AuthService.swift in Sources */,
				D6E66C1B24FF7D6000553157 /* ConversationsController.swift in Sources */,
				D6E66C0224FF732400553157 /* SceneDelegate.swift in Sources */,
				D6589B492511BC9E00E2CD4A /* UserCell.swift in Sources */,
				D6DDA725250128610079B88D /* RegistrationController.swift in Sources */,
				D6589B4B2511C16800E2CD4A /* User.swift in Sources */,
				D6589B4D2511C1B000E2CD4A /* Service.swift in Sources */,
				D6563CC8250DE0C400F89946 /* InputContainerView.swift in Sources */,
				D6DDA723250128400079B88D /* LoginController.swift in Sources */,
				D6DDA72725012CC20079B88D /* Extensions.swift in Sources */,
				D658A5AE250E5DC000ECF341 /* LoginViewModel.swift in Sources */,
				D6563CCA250DE3E900F89946 /* CustomTextField.swift in Sources */,
				D6589B462511B7A500E2CD4A /* NewMessageController.swift in Sources */,
			);
			runOnlyForDeploymentPostprocessing = 0;
		};
/* End PBXSourcesBuildPhase section */

/* Begin PBXVariantGroup section */
		D6E66C0524FF732400553157 /* Main.storyboard */ = {
			isa = PBXVariantGroup;
			children = (
				D6E66C0624FF732400553157 /* Base */,
			);
			name = Main.storyboard;
			sourceTree = "<group>";
		};
		D6E66C0A24FF732500553157 /* LaunchScreen.storyboard */ = {
			isa = PBXVariantGroup;
			children = (
				D6E66C0B24FF732500553157 /* Base */,
			);
			name = LaunchScreen.storyboard;
			sourceTree = "<group>";
		};
/* End PBXVariantGroup section */

/* Begin XCBuildConfiguration section */
		D6E66C0E24FF732500553157 /* Debug */ = {
			isa = XCBuildConfiguration;
			buildSettings = {
				ALWAYS_SEARCH_USER_PATHS = NO;
				CLANG_ANALYZER_NONNULL = YES;
				CLANG_ANALYZER_NUMBER_OBJECT_CONVERSION = YES_AGGRESSIVE;
				CLANG_CXX_LANGUAGE_STANDARD = "gnu++14";
				CLANG_CXX_LIBRARY = "libc++";
				CLANG_ENABLE_MODULES = YES;
				CLANG_ENABLE_OBJC_ARC = YES;
				CLANG_ENABLE_OBJC_WEAK = YES;
				CLANG_WARN_BLOCK_CAPTURE_AUTORELEASING = YES;
				CLANG_WARN_BOOL_CONVERSION = YES;
				CLANG_WARN_COMMA = YES;
				CLANG_WARN_CONSTANT_CONVERSION = YES;
				CLANG_WARN_DEPRECATED_OBJC_IMPLEMENTATIONS = YES;
				CLANG_WARN_DIRECT_OBJC_ISA_USAGE = YES_ERROR;
				CLANG_WARN_DOCUMENTATION_COMMENTS = YES;
				CLANG_WARN_EMPTY_BODY = YES;
				CLANG_WARN_ENUM_CONVERSION = YES;
				CLANG_WARN_INFINITE_RECURSION = YES;
				CLANG_WARN_INT_CONVERSION = YES;
				CLANG_WARN_NON_LITERAL_NULL_CONVERSION = YES;
				CLANG_WARN_OBJC_IMPLICIT_RETAIN_SELF = YES;
				CLANG_WARN_OBJC_LITERAL_CONVERSION = YES;
				CLANG_WARN_OBJC_ROOT_CLASS = YES_ERROR;
				CLANG_WARN_RANGE_LOOP_ANALYSIS = YES;
				CLANG_WARN_STRICT_PROTOTYPES = YES;
				CLANG_WARN_SUSPICIOUS_MOVE = YES;
				CLANG_WARN_UNGUARDED_AVAILABILITY = YES_AGGRESSIVE;
				CLANG_WARN_UNREACHABLE_CODE = YES;
				CLANG_WARN__DUPLICATE_METHOD_MATCH = YES;
				COPY_PHASE_STRIP = NO;
				DEBUG_INFORMATION_FORMAT = dwarf;
				ENABLE_STRICT_OBJC_MSGSEND = YES;
				ENABLE_TESTABILITY = YES;
				GCC_C_LANGUAGE_STANDARD = gnu11;
				GCC_DYNAMIC_NO_PIC = NO;
				GCC_NO_COMMON_BLOCKS = YES;
				GCC_OPTIMIZATION_LEVEL = 0;
				GCC_PREPROCESSOR_DEFINITIONS = (
					"DEBUG=1",
					"$(inherited)",
				);
				GCC_WARN_64_TO_32_BIT_CONVERSION = YES;
				GCC_WARN_ABOUT_RETURN_TYPE = YES_ERROR;
				GCC_WARN_UNDECLARED_SELECTOR = YES;
				GCC_WARN_UNINITIALIZED_AUTOS = YES_AGGRESSIVE;
				GCC_WARN_UNUSED_FUNCTION = YES;
				GCC_WARN_UNUSED_VARIABLE = YES;
				IPHONEOS_DEPLOYMENT_TARGET = 13.6;
				MTL_ENABLE_DEBUG_INFO = INCLUDE_SOURCE;
				MTL_FAST_MATH = YES;
				ONLY_ACTIVE_ARCH = YES;
				SDKROOT = iphoneos;
				SWIFT_ACTIVE_COMPILATION_CONDITIONS = DEBUG;
				SWIFT_OPTIMIZATION_LEVEL = "-Onone";
			};
			name = Debug;
		};
		D6E66C0F24FF732500553157 /* Release */ = {
			isa = XCBuildConfiguration;
			buildSettings = {
				ALWAYS_SEARCH_USER_PATHS = NO;
				CLANG_ANALYZER_NONNULL = YES;
				CLANG_ANALYZER_NUMBER_OBJECT_CONVERSION = YES_AGGRESSIVE;
				CLANG_CXX_LANGUAGE_STANDARD = "gnu++14";
				CLANG_CXX_LIBRARY = "libc++";
				CLANG_ENABLE_MODULES = YES;
				CLANG_ENABLE_OBJC_ARC = YES;
				CLANG_ENABLE_OBJC_WEAK = YES;
				CLANG_WARN_BLOCK_CAPTURE_AUTORELEASING = YES;
				CLANG_WARN_BOOL_CONVERSION = YES;
				CLANG_WARN_COMMA = YES;
				CLANG_WARN_CONSTANT_CONVERSION = YES;
				CLANG_WARN_DEPRECATED_OBJC_IMPLEMENTATIONS = YES;
				CLANG_WARN_DIRECT_OBJC_ISA_USAGE = YES_ERROR;
				CLANG_WARN_DOCUMENTATION_COMMENTS = YES;
				CLANG_WARN_EMPTY_BODY = YES;
				CLANG_WARN_ENUM_CONVERSION = YES;
				CLANG_WARN_INFINITE_RECURSION = YES;
				CLANG_WARN_INT_CONVERSION = YES;
				CLANG_WARN_NON_LITERAL_NULL_CONVERSION = YES;
				CLANG_WARN_OBJC_IMPLICIT_RETAIN_SELF = YES;
				CLANG_WARN_OBJC_LITERAL_CONVERSION = YES;
				CLANG_WARN_OBJC_ROOT_CLASS = YES_ERROR;
				CLANG_WARN_RANGE_LOOP_ANALYSIS = YES;
				CLANG_WARN_STRICT_PROTOTYPES = YES;
				CLANG_WARN_SUSPICIOUS_MOVE = YES;
				CLANG_WARN_UNGUARDED_AVAILABILITY = YES_AGGRESSIVE;
				CLANG_WARN_UNREACHABLE_CODE = YES;
				CLANG_WARN__DUPLICATE_METHOD_MATCH = YES;
				COPY_PHASE_STRIP = NO;
				DEBUG_INFORMATION_FORMAT = "dwarf-with-dsym";
				ENABLE_NS_ASSERTIONS = NO;
				ENABLE_STRICT_OBJC_MSGSEND = YES;
				GCC_C_LANGUAGE_STANDARD = gnu11;
				GCC_NO_COMMON_BLOCKS = YES;
				GCC_WARN_64_TO_32_BIT_CONVERSION = YES;
				GCC_WARN_ABOUT_RETURN_TYPE = YES_ERROR;
				GCC_WARN_UNDECLARED_SELECTOR = YES;
				GCC_WARN_UNINITIALIZED_AUTOS = YES_AGGRESSIVE;
				GCC_WARN_UNUSED_FUNCTION = YES;
				GCC_WARN_UNUSED_VARIABLE = YES;
				IPHONEOS_DEPLOYMENT_TARGET = 13.6;
				MTL_ENABLE_DEBUG_INFO = NO;
				MTL_FAST_MATH = YES;
				SDKROOT = iphoneos;
				SWIFT_COMPILATION_MODE = wholemodule;
				SWIFT_OPTIMIZATION_LEVEL = "-O";
				VALIDATE_PRODUCT = YES;
			};
			name = Release;
		};
		D6E66C1124FF732500553157 /* Debug */ = {
			isa = XCBuildConfiguration;
			baseConfigurationReference = 7430760CDFEAD6AE6C2A6A7A /* Pods-FreeChat.debug.xcconfig */;
			buildSettings = {
				ASSETCATALOG_COMPILER_APPICON_NAME = AppIcon;
				CODE_SIGN_STYLE = Automatic;
				DEVELOPMENT_TEAM = ND38VD9UA2;
				INFOPLIST_FILE = FreeChat/Info.plist;
				LD_RUNPATH_SEARCH_PATHS = (
					"$(inherited)",
					"@executable_path/Frameworks",
				);
				PRODUCT_BUNDLE_IDENTIFIER = com.ngodangtan.FreeChat;
				PRODUCT_NAME = "$(TARGET_NAME)";
				SWIFT_VERSION = 5.0;
				TARGETED_DEVICE_FAMILY = "1,2";
			};
			name = Debug;
		};
		D6E66C1224FF732500553157 /* Release */ = {
			isa = XCBuildConfiguration;
			baseConfigurationReference = C52B331FBAC476AC51159C18 /* Pods-FreeChat.release.xcconfig */;
			buildSettings = {
				ASSETCATALOG_COMPILER_APPICON_NAME = AppIcon;
				CODE_SIGN_STYLE = Automatic;
				DEVELOPMENT_TEAM = ND38VD9UA2;
				INFOPLIST_FILE = FreeChat/Info.plist;
				LD_RUNPATH_SEARCH_PATHS = (
					"$(inherited)",
					"@executable_path/Frameworks",
				);
				PRODUCT_BUNDLE_IDENTIFIER = com.ngodangtan.FreeChat;
				PRODUCT_NAME = "$(TARGET_NAME)";
				SWIFT_VERSION = 5.0;
				TARGETED_DEVICE_FAMILY = "1,2";
			};
			name = Release;
		};
/* End XCBuildConfiguration section */

/* Begin XCConfigurationList section */
		D6E66BF724FF732400553157 /* Build configuration list for PBXProject "FreeChat" */ = {
			isa = XCConfigurationList;
			buildConfigurations = (
				D6E66C0E24FF732500553157 /* Debug */,
				D6E66C0F24FF732500553157 /* Release */,
			);
			defaultConfigurationIsVisible = 0;
			defaultConfigurationName = Release;
		};
		D6E66C1024FF732500553157 /* Build configuration list for PBXNativeTarget "FreeChat" */ = {
			isa = XCConfigurationList;
			buildConfigurations = (
				D6E66C1124FF732500553157 /* Debug */,
				D6E66C1224FF732500553157 /* Release */,
			);
			defaultConfigurationIsVisible = 0;
			defaultConfigurationName = Release;
		};
/* End XCConfigurationList section */
	};
	rootObject = D6E66BF424FF732400553157 /* Project object */;
}
